
Microsoft Visual Studio Solution File, Format Version 12.00
# Visual Studio Version 16
VisualStudioVersion = 16.0.31729.503
MinimumVisualStudioVersion = 10.0.40219.1
Project("{FAE04EC0-301F-11D3-BF4B-00C04F79EFBC}") = "pro1", "pro1\pro1.csproj", "{8CEAC47B-2C84-4321-8E30-6CCF7607CF7B}"
EndProject
Global
	GlobalSection(SolutionConfigurationPlatforms) = preSolution
		Debug|Any CPU = Debug|Any CPU
		Release|Any CPU = Release|Any CPU
	EndGlobalSection
	GlobalSection(ProjectConfigurationPlatforms) = postSolution
		{8CEAC47B-2C84-4321-8E30-6CCF7607CF7B}.Debug|Any CPU.ActiveCfg = Debug|Any CPU
		{8CEAC47B-2C84-4321-8E30-6CCF7607CF7B}.Debug|Any CPU.Build.0 = Debug|Any CPU
		{8CEAC47B-2C84-4321-8E30-6CCF7607CF7B}.Release|Any CPU.ActiveCfg = Release|Any CPU
		{8CEAC47B-2C84-4321-8E30-6CCF7607CF7B}.Release|Any CPU.Build.0 = Release|Any CPU
	EndGlobalSection
	GlobalSection(SolutionProperties) = preSolution
		HideSolutionNode = FALSE
	EndGlobalSection
	GlobalSection(ExtensibilityGlobals) = postSolution
		SolutionGuid = {6D587BF2-74C6-4759-A23C-E7AADBA053D7}
	EndGlobalSection
EndGlobal
